// !$*UTF8*$!
{
	archiveVersion = 1;
	classes = {
	};
	objectVersion = 46;
	objects = {

/* Begin PBXBuildFile section */
		0BF29F986A53A8761D2D5C73 /* Pods_Connections.framework in Frameworks */ = {isa = PBXBuildFile; fileRef = E4FBC092E43B460692CB18A9 /* Pods_Connections.framework */; };
		90745BCF1EAD12B50009C3AF /* AppDelegate.swift in Sources */ = {isa = PBXBuildFile; fileRef = 90745BCE1EAD12B50009C3AF /* AppDelegate.swift */; };
		90745BD11EAD12B50009C3AF /* ViewController.swift in Sources */ = {isa = PBXBuildFile; fileRef = 90745BD01EAD12B50009C3AF /* ViewController.swift */; };
		90745BD41EAD12B50009C3AF /* Main.storyboard in Resources */ = {isa = PBXBuildFile; fileRef = 90745BD21EAD12B50009C3AF /* Main.storyboard */; };
		90745BD61EAD12B50009C3AF /* Assets.xcassets in Resources */ = {isa = PBXBuildFile; fileRef = 90745BD51EAD12B50009C3AF /* Assets.xcassets */; };
		90745BD91EAD12B50009C3AF /* LaunchScreen.storyboard in Resources */ = {isa = PBXBuildFile; fileRef = 90745BD71EAD12B50009C3AF /* LaunchScreen.storyboard */; };
/* End PBXBuildFile section */

/* Begin PBXFileReference section */
		477FA698E7ED1147443CB6ED /* Pods-Connections.debug.xcconfig */ = {isa = PBXFileReference; includeInIndex = 1; lastKnownFileType = text.xcconfig; name = "Pods-Connections.debug.xcconfig"; path = "Pods/Target Support Files/Pods-Connections/Pods-Connections.debug.xcconfig"; sourceTree = "<group>"; };
		90745BCB1EAD12B50009C3AF /* Connections.app */ = {isa = PBXFileReference; explicitFileType = wrapper.application; includeInIndex = 0; path = Connections.app; sourceTree = BUILT_PRODUCTS_DIR; };
		90745BCE1EAD12B50009C3AF /* AppDelegate.swift */ = {isa = PBXFileReference; lastKnownFileType = sourcecode.swift; path = AppDelegate.swift; sourceTree = "<group>"; };
		90745BD01EAD12B50009C3AF /* ViewController.swift */ = {isa = PBXFileReference; lastKnownFileType = sourcecode.swift; path = ViewController.swift; sourceTree = "<group>"; };
		90745BD31EAD12B50009C3AF /* Base */ = {isa = PBXFileReference; lastKnownFileType = file.storyboard; name = Base; path = Base.lproj/Main.storyboard; sourceTree = "<group>"; };
		90745BD51EAD12B50009C3AF /* Assets.xcassets */ = {isa = PBXFileReference; lastKnownFileType = folder.assetcatalog; path = Assets.xcassets; sourceTree = "<group>"; };
		90745BD81EAD12B50009C3AF /* Base */ = {isa = PBXFileReference; lastKnownFileType = file.storyboard; name = Base; path = Base.lproj/LaunchScreen.storyboard; sourceTree = "<group>"; };
		90745BDA1EAD12B50009C3AF /* Info.plist */ = {isa = PBXFileReference; lastKnownFileType = text.plist.xml; path = Info.plist; sourceTree = "<group>"; };
		90745BF31EAD1BC60009C3AF /* Header.h */ = {isa = PBXFileReference; lastKnownFileType = sourcecode.c.h; path = Header.h; sourceTree = "<group>"; };
		E4FBC092E43B460692CB18A9 /* Pods_Connections.framework */ = {isa = PBXFileReference; explicitFileType = wrapper.framework; includeInIndex = 0; path = Pods_Connections.framework; sourceTree = BUILT_PRODUCTS_DIR; };
		FDF670F404E0C41572B47714 /* Pods-Connections.release.xcconfig */ = {isa = PBXFileReference; includeInIndex = 1; lastKnownFileType = text.xcconfig; name = "Pods-Connections.release.xcconfig"; path = "Pods/Target Support Files/Pods-Connections/Pods-Connections.release.xcconfig"; sourceTree = "<group>"; };
/* End PBXFileReference section */

/* Begin PBXFrameworksBuildPhase section */
		90745BC81EAD12B50009C3AF /* Frameworks */ = {
			isa = PBXFrameworksBuildPhase;
			buildActionMask = 2147483647;
			files = (
				0BF29F986A53A8761D2D5C73 /* Pods_Connections.framework in Frameworks */,
			);
			runOnlyForDeploymentPostprocessing = 0;
		};
/* End PBXFrameworksBuildPhase section */

/* Begin PBXGroup section */
		90745BC21EAD12B40009C3AF = {
			isa = PBXGroup;
			children = (
				90745BCD1EAD12B50009C3AF /* Connections */,
				90745BCC1EAD12B50009C3AF /* Products */,
				BAC9D573870BA60A3BA235AB /* Pods */,
				AD5E261429DDDA3E423C5C86 /* Frameworks */,
			);
			sourceTree = "<group>";
		};
		90745BCC1EAD12B50009C3AF /* Products */ = {
			isa = PBXGroup;
			children = (
				90745BCB1EAD12B50009C3AF /* Connections.app */,
			);
			name = Products;
			sourceTree = "<group>";
		};
		90745BCD1EAD12B50009C3AF /* Connections */ = {
			isa = PBXGroup;
			children = (
				90745BCE1EAD12B50009C3AF /* AppDelegate.swift */,
				90745BD01EAD12B50009C3AF /* ViewController.swift */,
				90745BD21EAD12B50009C3AF /* Main.storyboard */,
				90745BD51EAD12B50009C3AF /* Assets.xcassets */,
				90745BD71EAD12B50009C3AF /* LaunchScreen.storyboard */,
				90745BDA1EAD12B50009C3AF /* Info.plist */,
				90745BF31EAD1BC60009C3AF /* Header.h */,
			);
			path = Connections;
			sourceTree = "<group>";
		};
		AD5E261429DDDA3E423C5C86 /* Frameworks */ = {
			isa = PBXGroup;
			children = (
				E4FBC092E43B460692CB18A9 /* Pods_Connections.framework */,
			);
			name = Frameworks;
			sourceTree = "<group>";
		};
		BAC9D573870BA60A3BA235AB /* Pods */ = {
			isa = PBXGroup;
			children = (
				477FA698E7ED1147443CB6ED /* Pods-Connections.debug.xcconfig */,
				FDF670F404E0C41572B47714 /* Pods-Connections.release.xcconfig */,
			);
			name = Pods;
			sourceTree = "<group>";
		};
/* End PBXGroup section */

/* Begin PBXNativeTarget section */
		90745BCA1EAD12B50009C3AF /* Connections */ = {
			isa = PBXNativeTarget;
			buildConfigurationList = 90745BDD1EAD12B50009C3AF /* Build configuration list for PBXNativeTarget "Connections" */;
			buildPhases = (
				E7FAB7AA84AD196ED376C059 /* [CP] Check Pods Manifest.lock */,
				90745BC71EAD12B50009C3AF /* Sources */,
				90745BC81EAD12B50009C3AF /* Frameworks */,
				90745BC91EAD12B50009C3AF /* Resources */,
				35D591F769756E3795C76DDE /* [CP] Embed Pods Frameworks */,
				F2DBD8A4504A38D12B388456 /* [CP] Copy Pods Resources */,
			);
			buildRules = (
			);
			dependencies = (
			);
			name = Connections;
			productName = Connections;
			productReference = 90745BCB1EAD12B50009C3AF /* Connections.app */;
			productType = "com.apple.product-type.application";
		};
/* End PBXNativeTarget section */

/* Begin PBXProject section */
		90745BC31EAD12B40009C3AF /* Project object */ = {
			isa = PBXProject;
			attributes = {
				LastSwiftUpdateCheck = 0830;
				LastUpgradeCheck = 0830;
				ORGANIZATIONNAME = "Khasham Cheema";
				TargetAttributes = {
					90745BCA1EAD12B50009C3AF = {
						CreatedOnToolsVersion = 8.3.2;
						ProvisioningStyle = Automatic;
					};
				};
			};
			buildConfigurationList = 90745BC61EAD12B40009C3AF /* Build configuration list for PBXProject "Connections" */;
			compatibilityVersion = "Xcode 3.2";
			developmentRegion = English;
			hasScannedForEncodings = 0;
			knownRegions = (
				en,
				Base,
			);
			mainGroup = 90745BC21EAD12B40009C3AF;
			productRefGroup = 90745BCC1EAD12B50009C3AF /* Products */;
			projectDirPath = "";
			projectRoot = "";
			targets = (
				90745BCA1EAD12B50009C3AF /* Connections */,
			);
		};
/* End PBXProject section */

/* Begin PBXResourcesBuildPhase section */
		90745BC91EAD12B50009C3AF /* Resources */ = {
			isa = PBXResourcesBuildPhase;
			buildActionMask = 2147483647;
			files = (
				90745BD91EAD12B50009C3AF /* LaunchScreen.storyboard in Resources */,
				90745BD61EAD12B50009C3AF /* Assets.xcassets in Resources */,
				90745BD41EAD12B50009C3AF /* Main.storyboard in Resources */,
			);
			runOnlyForDeploymentPostprocessing = 0;
		};
/* End PBXResourcesBuildPhase section */

/* Begin PBXShellScriptBuildPhase section */
		35D591F769756E3795C76DDE /* [CP] Embed Pods Frameworks */ = {
			isa = PBXShellScriptBuildPhase;
			buildActionMask = 2147483647;
			files = (
			);
			inputPaths = (
			);
			name = "[CP] Embed Pods Frameworks";
			outputPaths = (
			);
			runOnlyForDeploymentPostprocessing = 0;
			shellPath = /bin/sh;
			shellScript = "\"${SRCROOT}/Pods/Target Support Files/Pods-Connections/Pods-Connections-frameworks.sh\"\n";
			showEnvVarsInLog = 0;
		};
		E7FAB7AA84AD196ED376C059 /* [CP] Check Pods Manifest.lock */ = {
			isa = PBXShellScriptBuildPhase;
			buildActionMask = 2147483647;
			files = (
			);
			inputPaths = (
			);
			name = "[CP] Check Pods Manifest.lock";
			outputPaths = (
			);
			runOnlyForDeploymentPostprocessing = 0;
			shellPath = /bin/sh;
			shellScript = "diff \"${PODS_PODFILE_DIR_PATH}/Podfile.lock\" \"${PODS_ROOT}/Manifest.lock\" > /dev/null\nif [ $? != 0 ] ; then\n    # print error to STDERR\n    echo \"error: The sandbox is not in sync with the Podfile.lock. Run 'pod install' or update your CocoaPods installation.\" >&2\n    exit 1\nfi\n";
			showEnvVarsInLog = 0;
		};
		F2DBD8A4504A38D12B388456 /* [CP] Copy Pods Resources */ = {
			isa = PBXShellScriptBuildPhase;
			buildActionMask = 2147483647;
			files = (
			);
			inputPaths = (
			);
			name = "[CP] Copy Pods Resources";
			outputPaths = (
			);
			runOnlyForDeploymentPostprocessing = 0;
			shellPath = /bin/sh;
			shellScript = "\"${SRCROOT}/Pods/Target Support Files/Pods-Connections/Pods-Connections-resources.sh\"\n";
			showEnvVarsInLog = 0;
		};
/* End PBXShellScriptBuildPhase section */

/* Begin PBXSourcesBuildPhase section */
		90745BC71EAD12B50009C3AF /* Sources */ = {
			isa = PBXSourcesBuildPhase;
			buildActionMask = 2147483647;
			files = (
				90745BD11EAD12B50009C3AF /* ViewController.swift in Sources */,
				90745BCF1EAD12B50009C3AF /* AppDelegate.swift in Sources */,
			);
			runOnlyForDeploymentPostprocessing = 0;
		};
/* End PBXSourcesBuildPhase section */

/* Begin PBXVariantGroup section */
		90745BD21EAD12B50009C3AF /* Main.storyboard */ = {
			isa = PBXVariantGroup;
			children = (
				90745BD31EAD12B50009C3AF /* Base */,
			);
			name = Main.storyboard;
			sourceTree = "<group>";
		};
		90745BD71EAD12B50009C3AF /* LaunchScreen.storyboard */ = {
			isa = PBXVariantGroup;
			children = (
				90745BD81EAD12B50009C3AF /* Base */,
			);
			name = LaunchScreen.storyboard;
			sourceTree = "<group>";
		};
/* End PBXVariantGroup section */

/* Begin XCBuildConfiguration section */
		90745BDB1EAD12B50009C3AF /* Debug */ = {
			isa = XCBuildConfiguration;
			buildSettings = {
				ALWAYS_SEARCH_USER_PATHS = NO;
				CLANG_ANALYZER_NONNULL = YES;
				CLANG_ANALYZER_NUMBER_OBJECT_CONVERSION = YES_AGGRESSIVE;
				CLANG_CXX_LANGUAGE_STANDARD = "gnu++0x";
				CLANG_CXX_LIBRARY = "libc++";
				CLANG_ENABLE_MODULES = YES;
				CLANG_ENABLE_OBJC_ARC = YES;
				CLANG_WARN_BOOL_CONVERSION = YES;
				CLANG_WARN_CONSTANT_CONVERSION = YES;
				CLANG_WARN_DIRECT_OBJC_ISA_USAGE = YES_ERROR;
				CLANG_WARN_DOCUMENTATION_COMMENTS = YES;
				CLANG_WARN_EMPTY_BODY = YES;
				CLANG_WARN_ENUM_CONVERSION = YES;
				CLANG_WARN_INFINITE_RECURSION = YES;
				CLANG_WARN_INT_CONVERSION = YES;
				CLANG_WARN_OBJC_ROOT_CLASS = YES_ERROR;
				CLANG_WARN_SUSPICIOUS_MOVE = YES;
				CLANG_WARN_UNREACHABLE_CODE = YES;
				CLANG_WARN__DUPLICATE_METHOD_MATCH = YES;
				"CODE_SIGN_IDENTITY[sdk=iphoneos*]" = "iPhone Developer";
				COPY_PHASE_STRIP = NO;
				DEBUG_INFORMATION_FORMAT = dwarf;
				ENABLE_STRICT_OBJC_MSGSEND = YES;
				ENABLE_TESTABILITY = YES;
				GCC_C_LANGUAGE_STANDARD = gnu99;
				GCC_DYNAMIC_NO_PIC = NO;
				GCC_NO_COMMON_BLOCKS = YES;
				GCC_OPTIMIZATION_LEVEL = 0;
				GCC_PREPROCESSOR_DEFINITIONS = (
					"DEBUG=1",
					"$(inherited)",
				);
				GCC_WARN_64_TO_32_BIT_CONVERSION = YES;
				GCC_WARN_ABOUT_RETURN_TYPE = YES_ERROR;
				GCC_WARN_UNDECLARED_SELECTOR = YES;
				GCC_WARN_UNINITIALIZED_AUTOS = YES_AGGRESSIVE;
				GCC_WARN_UNUSED_FUNCTION = YES;
				GCC_WARN_UNUSED_VARIABLE = YES;
				IPHONEOS_DEPLOYMENT_TARGET = 10.3;
				MTL_ENABLE_DEBUG_INFO = YES;
				ONLY_ACTIVE_ARCH = YES;
				SDKROOT = iphoneos;
				SWIFT_ACTIVE_COMPILATION_CONDITIONS = DEBUG;
				SWIFT_OPTIMIZATION_LEVEL = "-Onone";
				TARGETED_DEVICE_FAMILY = "1,2";
			};
			name = Debug;
		};
		90745BDC1EAD12B50009C3AF /* Release */ = {
			isa = XCBuildConfiguration;
			buildSettings = {
				ALWAYS_SEARCH_USER_PATHS = NO;
				CLANG_ANALYZER_NONNULL = YES;
				CLANG_ANALYZER_NUMBER_OBJECT_CONVERSION = YES_AGGRESSIVE;
				CLANG_CXX_LANGUAGE_STANDARD = "gnu++0x";
				CLANG_CXX_LIBRARY = "libc++";
				CLANG_ENABLE_MODULES = YES;
				CLANG_ENABLE_OBJC_ARC = YES;
				CLANG_WARN_BOOL_CONVERSION = YES;
				CLANG_WARN_CONSTANT_CONVERSION = YES;
				CLANG_WARN_DIRECT_OBJC_ISA_USAGE = YES_ERROR;
				CLANG_WARN_DOCUMENTATION_COMMENTS = YES;
				CLANG_WARN_EMPTY_BODY = YES;
				CLANG_WARN_ENUM_CONVERSION = YES;
				CLANG_WARN_INFINITE_RECURSION = YES;
				CLANG_WARN_INT_CONVERSION = YES;
				CLANG_WARN_OBJC_ROOT_CLASS = YES_ERROR;
				CLANG_WARN_SUSPICIOUS_MOVE = YES;
				CLANG_WARN_UNREACHABLE_CODE = YES;
				CLANG_WARN__DUPLICATE_METHOD_MATCH = YES;
				"CODE_SIGN_IDENTITY[sdk=iphoneos*]" = "iPhone Developer";
				COPY_PHASE_STRIP = NO;
				DEBUG_INFORMATION_FORMAT = "dwarf-with-dsym";
				ENABLE_NS_ASSERTIONS = NO;
				ENABLE_STRICT_OBJC_MSGSEND = YES;
				GCC_C_LANGUAGE_STANDARD = gnu99;
				GCC_NO_COMMON_BLOCKS = YES;
				GCC_WARN_64_TO_32_BIT_CONVERSION = YES;
				GCC_WARN_ABOUT_RETURN_TYPE = YES_ERROR;
				GCC_WARN_UNDECLARED_SELECTOR = YES;
				GCC_WARN_UNINITIALIZED_AUTOS = YES_AGGRESSIVE;
				GCC_WARN_UNUSED_FUNCTION = YES;
				GCC_WARN_UNUSED_VARIABLE = YES;
				IPHONEOS_DEPLOYMENT_TARGET = 10.3;
				MTL_ENABLE_DEBUG_INFO = NO;
				SDKROOT = iphoneos;
				SWIFT_OPTIMIZATION_LEVEL = "-Owholemodule";
				TARGETED_DEVICE_FAMILY = "1,2";
				VALIDATE_PRODUCT = YES;
			};
			name = Release;
		};
		90745BDE1EAD12B50009C3AF /* Debug */ = {
			isa = XCBuildConfiguration;
			baseConfigurationReference = 477FA698E7ED1147443CB6ED /* Pods-Connections.debug.xcconfig */;
			buildSettings = {
				ASSETCATALOG_COMPILER_APPICON_NAME = AppIcon;
				INFOPLIST_FILE = Connections/Info.plist;
				LD_RUNPATH_SEARCH_PATHS = "$(inherited) @executable_path/Frameworks";
				PRODUCT_BUNDLE_IDENTIFIER = connections.Connections;
				PRODUCT_NAME = "$(TARGET_NAME)";
				SWIFT_VERSION = 3.0;
			};
			name = Debug;
		};
		90745BDF1EAD12B50009C3AF /* Release */ = {
			isa = XCBuildConfiguration;
			baseConfigurationReference = FDF670F404E0C41572B47714 /* Pods-Connections.release.xcconfig */;
			buildSettings = {
				ASSETCATALOG_COMPILER_APPICON_NAME = AppIcon;
				INFOPLIST_FILE = Connections/Info.plist;
				LD_RUNPATH_SEARCH_PATHS = "$(inherited) @executable_path/Frameworks";
				PRODUCT_BUNDLE_IDENTIFIER = connections.Connections;
				PRODUCT_NAME = "$(TARGET_NAME)";
				SWIFT_VERSION = 3.0;
			};
			name = Release;
		};
/* End XCBuildConfiguration section */

/* Begin XCConfigurationList section */
		90745BC61EAD12B40009C3AF /* Build configuration list for PBXProject "Connections" */ = {
			isa = XCConfigurationList;
			buildConfigurations = (
				90745BDB1EAD12B50009C3AF /* Debug */,
				90745BDC1EAD12B50009C3AF /* Release */,
			);
			defaultConfigurationIsVisible = 0;
			defaultConfigurationName = Release;
		};
		90745BDD1EAD12B50009C3AF /* Build configuration list for PBXNativeTarget "Connections" */ = {
			isa = XCConfigurationList;
			buildConfigurations = (
				90745BDE1EAD12B50009C3AF /* Debug */,
				90745BDF1EAD12B50009C3AF /* Release */,
			);
			defaultConfigurationIsVisible = 0;
			defaultConfigurationName = Release;
		};
/* End XCConfigurationList section */
	};
	rootObject = 90745BC31EAD12B40009C3AF /* Project object */;
}
